
Microsoft Visual Studio Solution File, Format Version 12.00
# Visual Studio Version 17
VisualStudioVersion = 17.4.33213.308
MinimumVisualStudioVersion = 10.0.40219.1
Project("{FAE04EC0-301F-11D3-BF4B-00C04F79EFBC}") = "KartotekaLekce5", "KartotekaLekce5.csproj", "{7D08D0FA-FFCD-4246-B9D1-BB68E24B466A}"
EndProject
Global
	GlobalSection(SolutionConfigurationPlatforms) = preSolution
		Debug|Any CPU = Debug|Any CPU
		Release|Any CPU = Release|Any CPU
	EndGlobalSection
	GlobalSection(ProjectConfigurationPlatforms) = postSolution
		{7D08D0FA-FFCD-4246-B9D1-BB68E24B466A}.Debug|Any CPU.ActiveCfg = Debug|Any CPU
		{7D08D0FA-FFCD-4246-B9D1-BB68E24B466A}.Debug|Any CPU.Build.0 = Debug|Any CPU
		{7D08D0FA-FFCD-4246-B9D1-BB68E24B466A}.Release|Any CPU.ActiveCfg = Release|Any CPU
		{7D08D0FA-FFCD-4246-B9D1-BB68E24B466A}.Release|Any CPU.Build.0 = Release|Any CPU
	EndGlobalSection
	GlobalSection(SolutionProperties) = preSolution
		HideSolutionNode = FALSE
	EndGlobalSection
	GlobalSection(ExtensibilityGlobals) = postSolution
		SolutionGuid = {BFFE516A-065B-4333-ABC7-7C6984C1D86E}
	EndGlobalSection
EndGlobal
